
Microsoft Visual Studio Solution File, Format Version 12.00
Project("{FAE04EC0-301F-11D3-BF4B-00C04F79EFBC}") = "ThreadPool", "ThreadPool\ThreadPool.csproj", "{F74A6393-59A4-4BED-BDF2-8D6E1D6A1162}"
EndProject
Project("{FAE04EC0-301F-11D3-BF4B-00C04F79EFBC}") = "ThreadPool.Tests", "ThreadPool.Tests\ThreadPool.Tests.csproj", "{66BC5794-47C1-4349-9DA6-71B75A96A9EF}"
EndProject
Global
	GlobalSection(SolutionConfigurationPlatforms) = preSolution
		Debug|Any CPU = Debug|Any CPU
		Release|Any CPU = Release|Any CPU
	EndGlobalSection
	GlobalSection(ProjectConfigurationPlatforms) = postSolution
		{F74A6393-59A4-4BED-BDF2-8D6E1D6A1162}.Debug|Any CPU.ActiveCfg = Debug|Any CPU
		{F74A6393-59A4-4BED-BDF2-8D6E1D6A1162}.Debug|Any CPU.Build.0 = Debug|Any CPU
		{F74A6393-59A4-4BED-BDF2-8D6E1D6A1162}.Release|Any CPU.ActiveCfg = Release|Any CPU
		{F74A6393-59A4-4BED-BDF2-8D6E1D6A1162}.Release|Any CPU.Build.0 = Release|Any CPU
		{66BC5794-47C1-4349-9DA6-71B75A96A9EF}.Debug|Any CPU.ActiveCfg = Debug|Any CPU
		{66BC5794-47C1-4349-9DA6-71B75A96A9EF}.Debug|Any CPU.Build.0 = Debug|Any CPU
		{66BC5794-47C1-4349-9DA6-71B75A96A9EF}.Release|Any CPU.ActiveCfg = Release|Any CPU
		{66BC5794-47C1-4349-9DA6-71B75A96A9EF}.Release|Any CPU.Build.0 = Release|Any CPU
	EndGlobalSection
EndGlobal
