
Microsoft Visual Studio Solution File, Format Version 12.00
Project("{FAE04EC0-301F-11D3-BF4B-00C04F79EFBC}") = "Test_23_12_2025", "Test_23_12_2025\Test_23_12_2025.csproj", "{019245D1-D362-4BF5-BCC4-94D79A696323}"
EndProject
Global
	GlobalSection(SolutionConfigurationPlatforms) = preSolution
		Debug|Any CPU = Debug|Any CPU
		Release|Any CPU = Release|Any CPU
	EndGlobalSection
	GlobalSection(ProjectConfigurationPlatforms) = postSolution
		{019245D1-D362-4BF5-BCC4-94D79A696323}.Debug|Any CPU.ActiveCfg = Debug|Any CPU
		{019245D1-D362-4BF5-BCC4-94D79A696323}.Debug|Any CPU.Build.0 = Debug|Any CPU
		{019245D1-D362-4BF5-BCC4-94D79A696323}.Release|Any CPU.ActiveCfg = Release|Any CPU
		{019245D1-D362-4BF5-BCC4-94D79A696323}.Release|Any CPU.Build.0 = Release|Any CPU
	EndGlobalSection
EndGlobal
